
Microsoft Visual Studio Solution File, Format Version 12.00
# Visual Studio Version 17
VisualStudioVersion = 17.8.34330.188
MinimumVisualStudioVersion = 10.0.40219.1
Project("{9A19103F-16F7-4668-BE54-9A1E7A4F7556}") = "Games", "src\Games\Games.csproj", "{345A3115-3FDF-4002-A7DD-99B0B075EBEB}"
EndProject
Project("{9A19103F-16F7-4668-BE54-9A1E7A4F7556}") = "Persistence", "src\Persistence\Persistence.csproj", "{2B15D284-63FE-456F-905A-7508BE48036D}"
EndProject
Project("{2150E333-8FDC-42A3-9474-1A3956D46DE8}") = "src", "src", "{751AB63B-34DF-4995-BBFE-53126A26BDD4}"
EndProject
Project("{2150E333-8FDC-42A3-9474-1A3956D46DE8}") = "etc", "etc", "{3A36FFC3-66E4-40EB-9B2E-2540D5DEF955}"
	ProjectSection(SolutionItems) = preProject
		.gitignore = .gitignore
	EndProjectSection
EndProject
Project("{9A19103F-16F7-4668-BE54-9A1E7A4F7556}") = "Guesses", "src\Guesses\Guesses.csproj", "{904B39AB-EEE6-4E93-A3E2-1BA113334144}"
EndProject
Project("{FAE04EC0-301F-11D3-BF4B-00C04F79EFBC}") = "Repository", "src\Repository\Repository.csproj", "{BDACC288-2817-4CA3-8C50-CB7961FD4BEE}"
EndProject
Project("{FAE04EC0-301F-11D3-BF4B-00C04F79EFBC}") = "Integrations", "src\Integrations\Integrations.csproj", "{C98D4DCD-C3F4-4B7F-80E1-B37D645DA177}"
EndProject
Global
	GlobalSection(SolutionConfigurationPlatforms) = preSolution
		Debug|Any CPU = Debug|Any CPU
		Release|Any CPU = Release|Any CPU
	EndGlobalSection
	GlobalSection(ProjectConfigurationPlatforms) = postSolution
		{345A3115-3FDF-4002-A7DD-99B0B075EBEB}.Debug|Any CPU.ActiveCfg = Debug|Any CPU
		{345A3115-3FDF-4002-A7DD-99B0B075EBEB}.Debug|Any CPU.Build.0 = Debug|Any CPU
		{345A3115-3FDF-4002-A7DD-99B0B075EBEB}.Release|Any CPU.ActiveCfg = Release|Any CPU
		{345A3115-3FDF-4002-A7DD-99B0B075EBEB}.Release|Any CPU.Build.0 = Release|Any CPU
		{2B15D284-63FE-456F-905A-7508BE48036D}.Debug|Any CPU.ActiveCfg = Debug|Any CPU
		{2B15D284-63FE-456F-905A-7508BE48036D}.Debug|Any CPU.Build.0 = Debug|Any CPU
		{2B15D284-63FE-456F-905A-7508BE48036D}.Release|Any CPU.ActiveCfg = Release|Any CPU
		{2B15D284-63FE-456F-905A-7508BE48036D}.Release|Any CPU.Build.0 = Release|Any CPU
		{904B39AB-EEE6-4E93-A3E2-1BA113334144}.Debug|Any CPU.ActiveCfg = Debug|Any CPU
		{904B39AB-EEE6-4E93-A3E2-1BA113334144}.Debug|Any CPU.Build.0 = Debug|Any CPU
		{904B39AB-EEE6-4E93-A3E2-1BA113334144}.Release|Any CPU.ActiveCfg = Release|Any CPU
		{904B39AB-EEE6-4E93-A3E2-1BA113334144}.Release|Any CPU.Build.0 = Release|Any CPU
		{BDACC288-2817-4CA3-8C50-CB7961FD4BEE}.Debug|Any CPU.ActiveCfg = Debug|Any CPU
		{BDACC288-2817-4CA3-8C50-CB7961FD4BEE}.Debug|Any CPU.Build.0 = Debug|Any CPU
		{BDACC288-2817-4CA3-8C50-CB7961FD4BEE}.Release|Any CPU.ActiveCfg = Release|Any CPU
		{BDACC288-2817-4CA3-8C50-CB7961FD4BEE}.Release|Any CPU.Build.0 = Release|Any CPU
		{C98D4DCD-C3F4-4B7F-80E1-B37D645DA177}.Debug|Any CPU.ActiveCfg = Debug|Any CPU
		{C98D4DCD-C3F4-4B7F-80E1-B37D645DA177}.Debug|Any CPU.Build.0 = Debug|Any CPU
		{C98D4DCD-C3F4-4B7F-80E1-B37D645DA177}.Release|Any CPU.ActiveCfg = Release|Any CPU
		{C98D4DCD-C3F4-4B7F-80E1-B37D645DA177}.Release|Any CPU.Build.0 = Release|Any CPU
	EndGlobalSection
	GlobalSection(SolutionProperties) = preSolution
		HideSolutionNode = FALSE
	EndGlobalSection
	GlobalSection(NestedProjects) = preSolution
		{345A3115-3FDF-4002-A7DD-99B0B075EBEB} = {751AB63B-34DF-4995-BBFE-53126A26BDD4}
		{2B15D284-63FE-456F-905A-7508BE48036D} = {751AB63B-34DF-4995-BBFE-53126A26BDD4}
		{904B39AB-EEE6-4E93-A3E2-1BA113334144} = {751AB63B-34DF-4995-BBFE-53126A26BDD4}
		{BDACC288-2817-4CA3-8C50-CB7961FD4BEE} = {751AB63B-34DF-4995-BBFE-53126A26BDD4}
		{C98D4DCD-C3F4-4B7F-80E1-B37D645DA177} = {751AB63B-34DF-4995-BBFE-53126A26BDD4}
	EndGlobalSection
	GlobalSection(ExtensibilityGlobals) = postSolution
		SolutionGuid = {8EADFD12-AAB8-4BF2-B682-1C06CDA4529D}
	EndGlobalSection
EndGlobal
